PODS:
  - FLEX (2.4.0)
  - SwiftLint (0.29.1)

DEPENDENCIES:
  - FLEX (~> 2.4.0)
  - SwiftLint (~> 0.29.1)

SPEC REPOS:
  https://github.com/cocoapods/specs.git:
    - FLEX
    - SwiftLint

SPEC CHECKSUMS:
  FLEX: bd1a39e55b56bb413b6f1b34b3c10a0dc44ef079
  SwiftLint: 6772320e40b52049053a518c17db9b0634a0b45a

PODFILE CHECKSUM: 7e9d4316b5c82c01c45d0c8b1e56a56cee79f816

COCOAPODS: 1.5.3
