// !$*UTF8*$!
{
	archiveVersion = 1;
	classes = {
	};
	objectVersion = 50;
	objects = {

/* Begin PBXBuildFile section */
		682800A8EC16C676A15BC94B /* Pods_SciTube.framework in Frameworks */ = {isa = PBXBuildFile; fileRef = B67F0761D30442BDF9F3BB35 /* Pods_SciTube.framework */; };
		CEC5E94321CE449500515630 /* AppDelegate.swift in Sources */ = {isa = PBXBuildFile; fileRef = CEC5E94221CE449500515630 /* AppDelegate.swift */; };
		CEC5E94521CE449500515630 /* ViewController.swift in Sources */ = {isa = PBXBuildFile; fileRef = CEC5E94421CE449500515630 /* ViewController.swift */; };
		CEC5E94821CE449500515630 /* Main.storyboard in Resources */ = {isa = PBXBuildFile; fileRef = CEC5E94621CE449500515630 /* Main.storyboard */; };
		CEC5E94A21CE449700515630 /* Assets.xcassets in Resources */ = {isa = PBXBuildFile; fileRef = CEC5E94921CE449700515630 /* Assets.xcassets */; };
		CEC5E94D21CE449700515630 /* LaunchScreen.storyboard in Resources */ = {isa = PBXBuildFile; fileRef = CEC5E94B21CE449700515630 /* LaunchScreen.storyboard */; };
/* End PBXBuildFile section */

/* Begin PBXFileReference section */
		AA82DAE2F3BDAEE205503BB5 /* Pods-SciTube.release.xcconfig */ = {isa = PBXFileReference; includeInIndex = 1; lastKnownFileType = text.xcconfig; name = "Pods-SciTube.release.xcconfig"; path = "Pods/Target Support Files/Pods-SciTube/Pods-SciTube.release.xcconfig"; sourceTree = "<group>"; };
		B67F0761D30442BDF9F3BB35 /* Pods_SciTube.framework */ = {isa = PBXFileReference; explicitFileType = wrapper.framework; includeInIndex = 0; path = Pods_SciTube.framework; sourceTree = BUILT_PRODUCTS_DIR; };
		CEC5E93F21CE449500515630 /* SciTube.app */ = {isa = PBXFileReference; explicitFileType = wrapper.application; includeInIndex = 0; path = SciTube.app; sourceTree = BUILT_PRODUCTS_DIR; };
		CEC5E94221CE449500515630 /* AppDelegate.swift */ = {isa = PBXFileReference; lastKnownFileType = sourcecode.swift; path = AppDelegate.swift; sourceTree = "<group>"; };
		CEC5E94421CE449500515630 /* ViewController.swift */ = {isa = PBXFileReference; lastKnownFileType = sourcecode.swift; path = ViewController.swift; sourceTree = "<group>"; };
		CEC5E94721CE449500515630 /* Base */ = {isa = PBXFileReference; lastKnownFileType = file.storyboard; name = Base; path = Base.lproj/Main.storyboard; sourceTree = "<group>"; };
		CEC5E94921CE449700515630 /* Assets.xcassets */ = {isa = PBXFileReference; lastKnownFileType = folder.assetcatalog; path = Assets.xcassets; sourceTree = "<group>"; };
		CEC5E94C21CE449700515630 /* Base */ = {isa = PBXFileReference; lastKnownFileType = file.storyboard; name = Base; path = Base.lproj/LaunchScreen.storyboard; sourceTree = "<group>"; };
		CEC5E94E21CE449700515630 /* Info.plist */ = {isa = PBXFileReference; lastKnownFileType = text.plist.xml; path = Info.plist; sourceTree = "<group>"; };
		E11201D8B531B337E733683A /* Pods-SciTube.debug.xcconfig */ = {isa = PBXFileReference; includeInIndex = 1; lastKnownFileType = text.xcconfig; name = "Pods-SciTube.debug.xcconfig"; path = "Pods/Target Support Files/Pods-SciTube/Pods-SciTube.debug.xcconfig"; sourceTree = "<group>"; };
/* End PBXFileReference section */

/* Begin PBXFrameworksBuildPhase section */
		CEC5E93C21CE449500515630 /* Frameworks */ = {
			isa = PBXFrameworksBuildPhase;
			buildActionMask = 2147483647;
			files = (
				682800A8EC16C676A15BC94B /* Pods_SciTube.framework in Frameworks */,
			);
			runOnlyForDeploymentPostprocessing = 0;
		};
/* End PBXFrameworksBuildPhase section */

/* Begin PBXGroup section */
		37A2AD5FB00747D9F0EA2839 /* Frameworks */ = {
			isa = PBXGroup;
			children = (
				B67F0761D30442BDF9F3BB35 /* Pods_SciTube.framework */,
			);
			name = Frameworks;
			sourceTree = "<group>";
		};
		CEC5E93621CE449500515630 = {
			isa = PBXGroup;
			children = (
				CEC5E94121CE449500515630 /* SciTube */,
				CEC5E94021CE449500515630 /* Products */,
				F34EB7215A64F61A191FD48F /* Pods */,
				37A2AD5FB00747D9F0EA2839 /* Frameworks */,
			);
			sourceTree = "<group>";
		};
		CEC5E94021CE449500515630 /* Products */ = {
			isa = PBXGroup;
			children = (
				CEC5E93F21CE449500515630 /* SciTube.app */,
			);
			name = Products;
			sourceTree = "<group>";
		};
		CEC5E94121CE449500515630 /* SciTube */ = {
			isa = PBXGroup;
			children = (
				CEC5E94221CE449500515630 /* AppDelegate.swift */,
				CEC5E94421CE449500515630 /* ViewController.swift */,
				CEC5E94621CE449500515630 /* Main.storyboard */,
				CEC5E94921CE449700515630 /* Assets.xcassets */,
				CEC5E94B21CE449700515630 /* LaunchScreen.storyboard */,
				CEC5E94E21CE449700515630 /* Info.plist */,
			);
			path = SciTube;
			sourceTree = "<group>";
		};
		F34EB7215A64F61A191FD48F /* Pods */ = {
			isa = PBXGroup;
			children = (
				E11201D8B531B337E733683A /* Pods-SciTube.debug.xcconfig */,
				AA82DAE2F3BDAEE205503BB5 /* Pods-SciTube.release.xcconfig */,
			);
			name = Pods;
			sourceTree = "<group>";
		};
/* End PBXGroup section */

/* Begin PBXNativeTarget section */
		CEC5E93E21CE449500515630 /* SciTube */ = {
			isa = PBXNativeTarget;
			buildConfigurationList = CEC5E95121CE449700515630 /* Build configuration list for PBXNativeTarget "SciTube" */;
			buildPhases = (
				511AFF8B0AE1E94FB9FBCA4F /* [CP] Check Pods Manifest.lock */,
				CEC5E93B21CE449500515630 /* Sources */,
				CEC5E93C21CE449500515630 /* Frameworks */,
				CEC5E93D21CE449500515630 /* Resources */,
				0E21466E42392AE76336E54B /* [CP] Embed Pods Frameworks */,
			);
			buildRules = (
			);
			dependencies = (
			);
			name = SciTube;
			productName = SciTube;
			productReference = CEC5E93F21CE449500515630 /* SciTube.app */;
			productType = "com.apple.product-type.application";
		};
/* End PBXNativeTarget section */

/* Begin PBXProject section */
		CEC5E93721CE449500515630 /* Project object */ = {
			isa = PBXProject;
			attributes = {
				LastSwiftUpdateCheck = 0940;
				LastUpgradeCheck = 0940;
				ORGANIZATIONNAME = ITWhite;
				TargetAttributes = {
					CEC5E93E21CE449500515630 = {
						CreatedOnToolsVersion = 9.4.1;
					};
				};
			};
			buildConfigurationList = CEC5E93A21CE449500515630 /* Build configuration list for PBXProject "SciTube" */;
			compatibilityVersion = "Xcode 9.3";
			developmentRegion = en;
			hasScannedForEncodings = 0;
			knownRegions = (
				en,
				Base,
			);
			mainGroup = CEC5E93621CE449500515630;
			productRefGroup = CEC5E94021CE449500515630 /* Products */;
			projectDirPath = "";
			projectRoot = "";
			targets = (
				CEC5E93E21CE449500515630 /* SciTube */,
			);
		};
/* End PBXProject section */

/* Begin PBXResourcesBuildPhase section */
		CEC5E93D21CE449500515630 /* Resources */ = {
			isa = PBXResourcesBuildPhase;
			buildActionMask = 2147483647;
			files = (
				CEC5E94D21CE449700515630 /* LaunchScreen.storyboard in Resources */,
				CEC5E94A21CE449700515630 /* Assets.xcassets in Resources */,
				CEC5E94821CE449500515630 /* Main.storyboard in Resources */,
			);
			runOnlyForDeploymentPostprocessing = 0;
		};
/* End PBXResourcesBuildPhase section */

/* Begin PBXShellScriptBuildPhase section */
		0E21466E42392AE76336E54B /* [CP] Embed Pods Frameworks */ = {
			isa = PBXShellScriptBuildPhase;
			buildActionMask = 2147483647;
			files = (
			);
			inputFileListPaths = (
			);
			inputPaths = (
				"${SRCROOT}/Pods/Target Support Files/Pods-SciTube/Pods-SciTube-frameworks.sh",
				"${BUILT_PRODUCTS_DIR}/FLEX/FLEX.framework",
			);
			name = "[CP] Embed Pods Frameworks";
			outputFileListPaths = (
			);
			outputPaths = (
				"${TARGET_BUILD_DIR}/${FRAMEWORKS_FOLDER_PATH}/FLEX.framework",
			);
			runOnlyForDeploymentPostprocessing = 0;
			shellPath = /bin/sh;
			shellScript = "\"${SRCROOT}/Pods/Target Support Files/Pods-SciTube/Pods-SciTube-frameworks.sh\"\n";
			showEnvVarsInLog = 0;
		};
		511AFF8B0AE1E94FB9FBCA4F /* [CP] Check Pods Manifest.lock */ = {
			isa = PBXShellScriptBuildPhase;
			buildActionMask = 2147483647;
			files = (
			);
			inputFileListPaths = (
			);
			inputPaths = (
				"${PODS_PODFILE_DIR_PATH}/Podfile.lock",
				"${PODS_ROOT}/Manifest.lock",
			);
			name = "[CP] Check Pods Manifest.lock";
			outputFileListPaths = (
			);
			outputPaths = (
				"$(DERIVED_FILE_DIR)/Pods-SciTube-checkManifestLockResult.txt",
			);
			runOnlyForDeploymentPostprocessing = 0;
			shellPath = /bin/sh;
			shellScript = "diff \"${PODS_PODFILE_DIR_PATH}/Podfile.lock\" \"${PODS_ROOT}/Manifest.lock\" > /dev/null\nif [ $? != 0 ] ; then\n    # print error to STDERR\n    echo \"error: The sandbox is not in sync with the Podfile.lock. Run 'pod install' or update your CocoaPods installation.\" >&2\n    exit 1\nfi\n# This output is used by Xcode 'outputs' to avoid re-running this script phase.\necho \"SUCCESS\" > \"${SCRIPT_OUTPUT_FILE_0}\"\n";
			showEnvVarsInLog = 0;
		};
/* End PBXShellScriptBuildPhase section */

/* Begin PBXSourcesBuildPhase section */
		CEC5E93B21CE449500515630 /* Sources */ = {
			isa = PBXSourcesBuildPhase;
			buildActionMask = 2147483647;
			files = (
				CEC5E94521CE449500515630 /* ViewController.swift in Sources */,
				CEC5E94321CE449500515630 /* AppDelegate.swift in Sources */,
			);
			runOnlyForDeploymentPostprocessing = 0;
		};
/* End PBXSourcesBuildPhase section */

/* Begin PBXVariantGroup section */
		CEC5E94621CE449500515630 /* Main.storyboard */ = {
			isa = PBXVariantGroup;
			children = (
				CEC5E94721CE449500515630 /* Base */,
			);
			name = Main.storyboard;
			sourceTree = "<group>";
		};
		CEC5E94B21CE449700515630 /* LaunchScreen.storyboard */ = {
			isa = PBXVariantGroup;
			children = (
				CEC5E94C21CE449700515630 /* Base */,
			);
			name = LaunchScreen.storyboard;
			sourceTree = "<group>";
		};
/* End PBXVariantGroup section */

/* Begin XCBuildConfiguration section */
		CEC5E94F21CE449700515630 /* Debug */ = {
			isa = XCBuildConfiguration;
			buildSettings = {
				ALWAYS_SEARCH_USER_PATHS = NO;
				CLANG_ANALYZER_NONNULL = YES;
				CLANG_ANALYZER_NUMBER_OBJECT_CONVERSION = YES_AGGRESSIVE;
				CLANG_CXX_LANGUAGE_STANDARD = "gnu++14";
				CLANG_CXX_LIBRARY = "libc++";
				CLANG_ENABLE_MODULES = YES;
				CLANG_ENABLE_OBJC_ARC = YES;
				CLANG_ENABLE_OBJC_WEAK = YES;
				CLANG_WARN_BLOCK_CAPTURE_AUTORELEASING = YES;
				CLANG_WARN_BOOL_CONVERSION = YES;
				CLANG_WARN_COMMA = YES;
				CLANG_WARN_CONSTANT_CONVERSION = YES;
				CLANG_WARN_DEPRECATED_OBJC_IMPLEMENTATIONS = YES;
				CLANG_WARN_DIRECT_OBJC_ISA_USAGE = YES_ERROR;
				CLANG_WARN_DOCUMENTATION_COMMENTS = YES;
				CLANG_WARN_EMPTY_BODY = YES;
				CLANG_WARN_ENUM_CONVERSION = YES;
				CLANG_WARN_INFINITE_RECURSION = YES;
				CLANG_WARN_INT_CONVERSION = YES;
				CLANG_WARN_NON_LITERAL_NULL_CONVERSION = YES;
				CLANG_WARN_OBJC_IMPLICIT_RETAIN_SELF = YES;
				CLANG_WARN_OBJC_LITERAL_CONVERSION = YES;
				CLANG_WARN_OBJC_ROOT_CLASS = YES_ERROR;
				CLANG_WARN_RANGE_LOOP_ANALYSIS = YES;
				CLANG_WARN_STRICT_PROTOTYPES = YES;
				CLANG_WARN_SUSPICIOUS_MOVE = YES;
				CLANG_WARN_UNGUARDED_AVAILABILITY = YES_AGGRESSIVE;
				CLANG_WARN_UNREACHABLE_CODE = YES;
				CLANG_WARN__DUPLICATE_METHOD_MATCH = YES;
				CODE_SIGN_IDENTITY = "iPhone Developer";
				COPY_PHASE_STRIP = NO;
				DEBUG_INFORMATION_FORMAT = dwarf;
				ENABLE_STRICT_OBJC_MSGSEND = YES;
				ENABLE_TESTABILITY = YES;
				GCC_C_LANGUAGE_STANDARD = gnu11;
				GCC_DYNAMIC_NO_PIC = NO;
				GCC_NO_COMMON_BLOCKS = YES;
				GCC_OPTIMIZATION_LEVEL = 0;
				GCC_PREPROCESSOR_DEFINITIONS = (
					"DEBUG=1",
					"$(inherited)",
				);
				GCC_WARN_64_TO_32_BIT_CONVERSION = YES;
				GCC_WARN_ABOUT_RETURN_TYPE = YES_ERROR;
				GCC_WARN_UNDECLARED_SELECTOR = YES;
				GCC_WARN_UNINITIALIZED_AUTOS = YES_AGGRESSIVE;
				GCC_WARN_UNUSED_FUNCTION = YES;
				GCC_WARN_UNUSED_VARIABLE = YES;
				IPHONEOS_DEPLOYMENT_TARGET = 11.4;
				MTL_ENABLE_DEBUG_INFO = YES;
				ONLY_ACTIVE_ARCH = YES;
				SDKROOT = iphoneos;
				SWIFT_ACTIVE_COMPILATION_CONDITIONS = DEBUG;
				SWIFT_OPTIMIZATION_LEVEL = "-Onone";
			};
			name = Debug;
		};
		CEC5E95021CE449700515630 /* Release */ = {
			isa = XCBuildConfiguration;
			buildSettings = {
				ALWAYS_SEARCH_USER_PATHS = NO;
				CLANG_ANALYZER_NONNULL = YES;
				CLANG_ANALYZER_NUMBER_OBJECT_CONVERSION = YES_AGGRESSIVE;
				CLANG_CXX_LANGUAGE_STANDARD = "gnu++14";
				CLANG_CXX_LIBRARY = "libc++";
				CLANG_ENABLE_MODULES = YES;
				CLANG_ENABLE_OBJC_ARC = YES;
				CLANG_ENABLE_OBJC_WEAK = YES;
				CLANG_WARN_BLOCK_CAPTURE_AUTORELEASING = YES;
				CLANG_WARN_BOOL_CONVERSION = YES;
				CLANG_WARN_COMMA = YES;
				CLANG_WARN_CONSTANT_CONVERSION = YES;
				CLANG_WARN_DEPRECATED_OBJC_IMPLEMENTATIONS = YES;
				CLANG_WARN_DIRECT_OBJC_ISA_USAGE = YES_ERROR;
				CLANG_WARN_DOCUMENTATION_COMMENTS = YES;
				CLANG_WARN_EMPTY_BODY = YES;
				CLANG_WARN_ENUM_CONVERSION = YES;
				CLANG_WARN_INFINITE_RECURSION = YES;
				CLANG_WARN_INT_CONVERSION = YES;
				CLANG_WARN_NON_LITERAL_NULL_CONVERSION = YES;
				CLANG_WARN_OBJC_IMPLICIT_RETAIN_SELF = YES;
				CLANG_WARN_OBJC_LITERAL_CONVERSION = YES;
				CLANG_WARN_OBJC_ROOT_CLASS = YES_ERROR;
				CLANG_WARN_RANGE_LOOP_ANALYSIS = YES;
				CLANG_WARN_STRICT_PROTOTYPES = YES;
				CLANG_WARN_SUSPICIOUS_MOVE = YES;
				CLANG_WARN_UNGUARDED_AVAILABILITY = YES_AGGRESSIVE;
				CLANG_WARN_UNREACHABLE_CODE = YES;
				CLANG_WARN__DUPLICATE_METHOD_MATCH = YES;
				CODE_SIGN_IDENTITY = "iPhone Developer";
				COPY_PHASE_STRIP = NO;
				DEBUG_INFORMATION_FORMAT = "dwarf-with-dsym";
				ENABLE_NS_ASSERTIONS = NO;
				ENABLE_STRICT_OBJC_MSGSEND = YES;
				GCC_C_LANGUAGE_STANDARD = gnu11;
				GCC_NO_COMMON_BLOCKS = YES;
				GCC_WARN_64_TO_32_BIT_CONVERSION = YES;
				GCC_WARN_ABOUT_RETURN_TYPE = YES_ERROR;
				GCC_WARN_UNDECLARED_SELECTOR = YES;
				GCC_WARN_UNINITIALIZED_AUTOS = YES_AGGRESSIVE;
				GCC_WARN_UNUSED_FUNCTION = YES;
				GCC_WARN_UNUSED_VARIABLE = YES;
				IPHONEOS_DEPLOYMENT_TARGET = 11.4;
				MTL_ENABLE_DEBUG_INFO = NO;
				SDKROOT = iphoneos;
				SWIFT_COMPILATION_MODE = wholemodule;
				SWIFT_OPTIMIZATION_LEVEL = "-O";
				VALIDATE_PRODUCT = YES;
			};
			name = Release;
		};
		CEC5E95221CE449700515630 /* Debug */ = {
			isa = XCBuildConfiguration;
			baseConfigurationReference = E11201D8B531B337E733683A /* Pods-SciTube.debug.xcconfig */;
			buildSettings = {
				ASSETCATALOG_COMPILER_APPICON_NAME = AppIcon;
				CODE_SIGN_STYLE = Automatic;
				INFOPLIST_FILE = SciTube/Info.plist;
				LD_RUNPATH_SEARCH_PATHS = (
					"$(inherited)",
					"@executable_path/Frameworks",
				);
				PRODUCT_BUNDLE_IDENTIFIER = pl.itwhite.SciTube;
				PRODUCT_NAME = "$(TARGET_NAME)";
				SWIFT_VERSION = 4.0;
				TARGETED_DEVICE_FAMILY = "1,2";
			};
			name = Debug;
		};
		CEC5E95321CE449700515630 /* Release */ = {
			isa = XCBuildConfiguration;
			baseConfigurationReference = AA82DAE2F3BDAEE205503BB5 /* Pods-SciTube.release.xcconfig */;
			buildSettings = {
				ASSETCATALOG_COMPILER_APPICON_NAME = AppIcon;
				CODE_SIGN_STYLE = Automatic;
				INFOPLIST_FILE = SciTube/Info.plist;
				LD_RUNPATH_SEARCH_PATHS = (
					"$(inherited)",
					"@executable_path/Frameworks",
				);
				PRODUCT_BUNDLE_IDENTIFIER = pl.itwhite.SciTube;
				PRODUCT_NAME = "$(TARGET_NAME)";
				SWIFT_VERSION = 4.0;
				TARGETED_DEVICE_FAMILY = "1,2";
			};
			name = Release;
		};
/* End XCBuildConfiguration section */

/* Begin XCConfigurationList section */
		CEC5E93A21CE449500515630 /* Build configuration list for PBXProject "SciTube" */ = {
			isa = XCConfigurationList;
			buildConfigurations = (
				CEC5E94F21CE449700515630 /* Debug */,
				CEC5E95021CE449700515630 /* Release */,
			);
			defaultConfigurationIsVisible = 0;
			defaultConfigurationName = Release;
		};
		CEC5E95121CE449700515630 /* Build configuration list for PBXNativeTarget "SciTube" */ = {
			isa = XCConfigurationList;
			buildConfigurations = (
				CEC5E95221CE449700515630 /* Debug */,
				CEC5E95321CE449700515630 /* Release */,
			);
			defaultConfigurationIsVisible = 0;
			defaultConfigurationName = Release;
		};
/* End XCConfigurationList section */
	};
	rootObject = CEC5E93721CE449500515630 /* Project object */;
}
